
Microsoft Visual Studio Solution File, Format Version 12.00
# Visual Studio Version 17
VisualStudioVersion = 17.3.32825.248
MinimumVisualStudioVersion = 10.0.40219.1
Project("{FAE04EC0-301F-11D3-BF4B-00C04F79EFBC}") = "shraddha1-whileloop", "shraddha1-whileloop\shraddha1-whileloop.csproj", "{5752723F-3D72-4B95-9696-F5317C714E8D}"
EndProject
Global
	GlobalSection(SolutionConfigurationPlatforms) = preSolution
		Debug|Any CPU = Debug|Any CPU
		Release|Any CPU = Release|Any CPU
	EndGlobalSection
	GlobalSection(ProjectConfigurationPlatforms) = postSolution
		{5752723F-3D72-4B95-9696-F5317C714E8D}.Debug|Any CPU.ActiveCfg = Debug|Any CPU
		{5752723F-3D72-4B95-9696-F5317C714E8D}.Debug|Any CPU.Build.0 = Debug|Any CPU
		{5752723F-3D72-4B95-9696-F5317C714E8D}.Release|Any CPU.ActiveCfg = Release|Any CPU
		{5752723F-3D72-4B95-9696-F5317C714E8D}.Release|Any CPU.Build.0 = Release|Any CPU
	EndGlobalSection
	GlobalSection(SolutionProperties) = preSolution
		HideSolutionNode = FALSE
	EndGlobalSection
	GlobalSection(ExtensibilityGlobals) = postSolution
		SolutionGuid = {B5A300CB-E048-4919-9021-8DF33C45A3CC}
	EndGlobalSection
EndGlobal
